
Microsoft Visual Studio Solution File, Format Version 12.00
# Visual Studio Version 17
VisualStudioVersion = 17.4.33110.190
MinimumVisualStudioVersion = 10.0.40219.1
Project("{FAE04EC0-301F-11D3-BF4B-00C04F79EFBC}") = "ConsoleNoteboard", "ConsoleNoteboard\ConsoleNoteboard.csproj", "{0CFB11AE-00D9-410B-818E-219D13472D66}"
EndProject
Global
	GlobalSection(SolutionConfigurationPlatforms) = preSolution
		Debug|Any CPU = Debug|Any CPU
		Release|Any CPU = Release|Any CPU
	EndGlobalSection
	GlobalSection(ProjectConfigurationPlatforms) = postSolution
		{0CFB11AE-00D9-410B-818E-219D13472D66}.Debug|Any CPU.ActiveCfg = Debug|Any CPU
		{0CFB11AE-00D9-410B-818E-219D13472D66}.Debug|Any CPU.Build.0 = Debug|Any CPU
		{0CFB11AE-00D9-410B-818E-219D13472D66}.Release|Any CPU.ActiveCfg = Release|Any CPU
		{0CFB11AE-00D9-410B-818E-219D13472D66}.Release|Any CPU.Build.0 = Release|Any CPU
	EndGlobalSection
	GlobalSection(SolutionProperties) = preSolution
		HideSolutionNode = FALSE
	EndGlobalSection
	GlobalSection(ExtensibilityGlobals) = postSolution
		SolutionGuid = {9DD0E4BD-8EAC-4252-8A67-7C50AAB51411}
	EndGlobalSection
EndGlobal
